
Microsoft Visual Studio Solution File, Format Version 12.00
# Visual Studio 15
VisualStudioVersion = 15.0.27130.2027
MinimumVisualStudioVersion = 10.0.40219.1
Project("{9A19103F-16F7-4668-BE54-9A1E7A4F7556}") = "DocGen.Web.Api", "Web\src\DocGen.Web.Api\DocGen.Web.Api.csproj", "{D319C3DF-28B3-45C4-BAA6-B34DE213A0B5}"
EndProject
Project("{9A19103F-16F7-4668-BE54-9A1E7A4F7556}") = "DocGen.Web.Api.Core", "Web\src\DocGen.Web.Api.Core\DocGen.Web.Api.Core.csproj", "{F3FB3746-63DC-415E-AC99-CF9452A655D5}"
EndProject
Project("{2150E333-8FDC-42A3-9474-1A3956D46DE8}") = "Shared", "Shared", "{B7D7A350-0A96-471C-A4ED-6DA1C7F744E3}"
EndProject
Project("{9A19103F-16F7-4668-BE54-9A1E7A4F7556}") = "DocGen.Shared.WindowsAzure.Storage", "Shared\DocGen.Shared.WindowsAzure.Storage\DocGen.Shared.WindowsAzure.Storage.csproj", "{436B818B-D2CC-47C9-9899-D8E236C7673F}"
EndProject
Project("{9A19103F-16F7-4668-BE54-9A1E7A4F7556}") = "DocGen.Shared.Framework", "Shared\DocGen.Shared.Framework\DocGen.Shared.Framework.csproj", "{81BB8D1E-357F-4935-BF8E-AA39FD745E71}"
EndProject
Project("{2150E333-8FDC-42A3-9474-1A3956D46DE8}") = "Tools", "Tools", "{A19A7FE8-C855-4B64-B375-B05B5AEF2FD1}"
EndProject
Project("{9A19103F-16F7-4668-BE54-9A1E7A4F7556}") = "DocGen.Tools.Runner", "Tools\DocGen.Tools.Runner\DocGen.Tools.Runner.csproj", "{6753FFAF-30EA-4760-A361-7512F859A1A7}"
EndProject
Project("{9A19103F-16F7-4668-BE54-9A1E7A4F7556}") = "DocGen.Shared.Validation", "Shared\DocGen.Shared.Validation\DocGen.Shared.Validation.csproj", "{2943CB48-2E5F-4BE1-B76A-8DF16645A8CB}"
EndProject
Project("{9A19103F-16F7-4668-BE54-9A1E7A4F7556}") = "DocGen.Shared.Core", "Shared\DocGen.Shared.Core\DocGen.Shared.Core.csproj", "{E132A130-2DE3-48C0-8812-D3DC8AFF9C8B}"
EndProject
Project("{2150E333-8FDC-42A3-9474-1A3956D46DE8}") = "Tests", "Tests", "{744F0365-A70E-48EB-B870-1C2D337D1591}"
EndProject
Project("{9A19103F-16F7-4668-BE54-9A1E7A4F7556}") = "DocGen.Web.Api.Core.UnitTests", "Web\tests\DocGen.Web.Api.Core.UnitTests\DocGen.Web.Api.Core.UnitTests.csproj", "{37D4E28E-03E5-4882-A918-861B926656FF}"
EndProject
Project("{2150E333-8FDC-42A3-9474-1A3956D46DE8}") = "Web", "Web", "{7D63AFA8-6DA0-4851-ABBF-2CD4DA323A91}"
EndProject
Project("{9A19103F-16F7-4668-BE54-9A1E7A4F7556}") = "DocGen.Web.App", "Web\src\DocGen.Web.App\DocGen.Web.App.csproj", "{0740CDE4-1640-4E74-9C98-6746EA5EE122}"
EndProject
Project("{FAE04EC0-301F-11D3-BF4B-00C04F79EFBC}") = "DocGen.Tools.DataInitializer", "Tools\src\DocGen.Tools.DataInitializer\DocGen.Tools.DataInitializer.csproj", "{34ED8D36-1F3E-4CFF-BA27-57B0261E0B06}"
EndProject
Project("{2150E333-8FDC-42A3-9474-1A3956D46DE8}") = "Templating", "Templating", "{2031AB30-E696-4CFD-9321-F89F0CBFEFE8}"
EndProject
Project("{9A19103F-16F7-4668-BE54-9A1E7A4F7556}") = "DocGen.Templating.Abstractions", "Templating\src\DocGen.Templating.Abstractions\DocGen.Templating.Abstractions.csproj", "{0430D8AA-EFC7-46C1-823B-DAC77E79E165}"
EndProject
Project("{9A19103F-16F7-4668-BE54-9A1E7A4F7556}") = "DocGen.Templating.Validation", "Templating\src\DocGen.Templating.Validation\DocGen.Templating.Validation.csproj", "{25C17A8C-E547-43C9-8446-62C42F49AE87}"
EndProject
Project("{2150E333-8FDC-42A3-9474-1A3956D46DE8}") = "Tests", "Tests", "{A7A58126-9BB8-4878-A4FD-B1E17D8800B1}"
EndProject
Project("{9A19103F-16F7-4668-BE54-9A1E7A4F7556}") = "DocGen.Templating.Validation.UnitTests", "Templating\tests\DocGen.Templating.Validation.UnitTests\DocGen.Templating.Validation.UnitTests.csproj", "{03405203-E7A1-49E3-AA65-82B4C84EC56F}"
EndProject
Project("{9A19103F-16F7-4668-BE54-9A1E7A4F7556}") = "DocGen.Templating.Rendering", "Templating\src\DocGen.Templating.Rendering\DocGen.Templating.Rendering.csproj", "{76878DB2-C405-4FBB-9389-979F55B072AC}"
EndProject
Project("{9A19103F-16F7-4668-BE54-9A1E7A4F7556}") = "DocGen.Templating.Rendering.UnitTests", "Templating\tests\DocGen.Templating.Rendering.UnitTests\DocGen.Templating.Rendering.UnitTests.csproj", "{93337407-9023-43FB-A74D-D0E2291399EE}"
EndProject
Project("{9A19103F-16F7-4668-BE54-9A1E7A4F7556}") = "DocGen.Templating.Rendering.Abstractions", "Templating\src\DocGen.Templating.Rendering.Abstractions\DocGen.Templating.Rendering.Abstractions.csproj", "{5BE294DF-85B3-4ACA-9CA7-08E5726CB48A}"
EndProject
Project("{2150E333-8FDC-42A3-9474-1A3956D46DE8}") = "Config", "Config", "{D7B72C44-58E8-4867-A6D0-1D1FAE4B1122}"
	ProjectSection(SolutionItems) = preProject
		appsettings.Shared.Development.json = appsettings.Shared.Development.json
		appsettings.Shared.json = appsettings.Shared.json
	EndProjectSection
EndProject
Project("{9A19103F-16F7-4668-BE54-9A1E7A4F7556}") = "DocGen.Shared.ModelEncoding", "Shared\DocGen.Shared.ModelEncoding\DocGen.Shared.ModelEncoding.csproj", "{3FA273B3-04B0-48E6-BF80-776C27EB6441}"
EndProject
Project("{FAE04EC0-301F-11D3-BF4B-00C04F79EFBC}") = "DocGen.Web.Signing", "Web\src\DocGen.Web.Signing\DocGen.Web.Signing.csproj", "{E30196E0-7816-4567-8911-FA7C0573F89F}"
EndProject
Project("{FAE04EC0-301F-11D3-BF4B-00C04F79EFBC}") = "DocGen.Web.Shared", "Web\src\DocGen.Web.Shared\DocGen.Web.Shared.csproj", "{9B14B0BA-1F3F-4709-9407-B4AC4CA2CBD9}"
EndProject
Global
	GlobalSection(SolutionConfigurationPlatforms) = preSolution
		Debug|Any CPU = Debug|Any CPU
		Debug|x64 = Debug|x64
		Release|Any CPU = Release|Any CPU
		Release|x64 = Release|x64
	EndGlobalSection
	GlobalSection(ProjectConfigurationPlatforms) = postSolution
		{D319C3DF-28B3-45C4-BAA6-B34DE213A0B5}.Debug|Any CPU.ActiveCfg = Debug|Any CPU
		{D319C3DF-28B3-45C4-BAA6-B34DE213A0B5}.Debug|Any CPU.Build.0 = Debug|Any CPU
		{D319C3DF-28B3-45C4-BAA6-B34DE213A0B5}.Debug|x64.ActiveCfg = Debug|Any CPU
		{D319C3DF-28B3-45C4-BAA6-B34DE213A0B5}.Debug|x64.Build.0 = Debug|Any CPU
		{D319C3DF-28B3-45C4-BAA6-B34DE213A0B5}.Release|Any CPU.ActiveCfg = Release|Any CPU
		{D319C3DF-28B3-45C4-BAA6-B34DE213A0B5}.Release|Any CPU.Build.0 = Release|Any CPU
		{D319C3DF-28B3-45C4-BAA6-B34DE213A0B5}.Release|x64.ActiveCfg = Release|Any CPU
		{D319C3DF-28B3-45C4-BAA6-B34DE213A0B5}.Release|x64.Build.0 = Release|Any CPU
		{F3FB3746-63DC-415E-AC99-CF9452A655D5}.Debug|Any CPU.ActiveCfg = Debug|Any CPU
		{F3FB3746-63DC-415E-AC99-CF9452A655D5}.Debug|Any CPU.Build.0 = Debug|Any CPU
		{F3FB3746-63DC-415E-AC99-CF9452A655D5}.Debug|x64.ActiveCfg = Debug|x64
		{F3FB3746-63DC-415E-AC99-CF9452A655D5}.Debug|x64.Build.0 = Debug|x64
		{F3FB3746-63DC-415E-AC99-CF9452A655D5}.Release|Any CPU.ActiveCfg = Release|Any CPU
		{F3FB3746-63DC-415E-AC99-CF9452A655D5}.Release|Any CPU.Build.0 = Release|Any CPU
		{F3FB3746-63DC-415E-AC99-CF9452A655D5}.Release|x64.ActiveCfg = Release|x64
		{F3FB3746-63DC-415E-AC99-CF9452A655D5}.Release|x64.Build.0 = Release|x64
		{436B818B-D2CC-47C9-9899-D8E236C7673F}.Debug|Any CPU.ActiveCfg = Debug|Any CPU
		{436B818B-D2CC-47C9-9899-D8E236C7673F}.Debug|Any CPU.Build.0 = Debug|Any CPU
		{436B818B-D2CC-47C9-9899-D8E236C7673F}.Debug|x64.ActiveCfg = Debug|x64
		{436B818B-D2CC-47C9-9899-D8E236C7673F}.Debug|x64.Build.0 = Debug|x64
		{436B818B-D2CC-47C9-9899-D8E236C7673F}.Release|Any CPU.ActiveCfg = Release|Any CPU
		{436B818B-D2CC-47C9-9899-D8E236C7673F}.Release|Any CPU.Build.0 = Release|Any CPU
		{436B818B-D2CC-47C9-9899-D8E236C7673F}.Release|x64.ActiveCfg = Release|x64
		{436B818B-D2CC-47C9-9899-D8E236C7673F}.Release|x64.Build.0 = Release|x64
		{81BB8D1E-357F-4935-BF8E-AA39FD745E71}.Debug|Any CPU.ActiveCfg = Debug|Any CPU
		{81BB8D1E-357F-4935-BF8E-AA39FD745E71}.Debug|Any CPU.Build.0 = Debug|Any CPU
		{81BB8D1E-357F-4935-BF8E-AA39FD745E71}.Debug|x64.ActiveCfg = Debug|x64
		{81BB8D1E-357F-4935-BF8E-AA39FD745E71}.Debug|x64.Build.0 = Debug|x64
		{81BB8D1E-357F-4935-BF8E-AA39FD745E71}.Release|Any CPU.ActiveCfg = Release|Any CPU
		{81BB8D1E-357F-4935-BF8E-AA39FD745E71}.Release|Any CPU.Build.0 = Release|Any CPU
		{81BB8D1E-357F-4935-BF8E-AA39FD745E71}.Release|x64.ActiveCfg = Release|x64
		{81BB8D1E-357F-4935-BF8E-AA39FD745E71}.Release|x64.Build.0 = Release|x64
		{6753FFAF-30EA-4760-A361-7512F859A1A7}.Debug|Any CPU.ActiveCfg = Debug|Any CPU
		{6753FFAF-30EA-4760-A361-7512F859A1A7}.Debug|Any CPU.Build.0 = Debug|Any CPU
		{6753FFAF-30EA-4760-A361-7512F859A1A7}.Debug|x64.ActiveCfg = Debug|x64
		{6753FFAF-30EA-4760-A361-7512F859A1A7}.Debug|x64.Build.0 = Debug|x64
		{6753FFAF-30EA-4760-A361-7512F859A1A7}.Release|Any CPU.ActiveCfg = Release|Any CPU
		{6753FFAF-30EA-4760-A361-7512F859A1A7}.Release|Any CPU.Build.0 = Release|Any CPU
		{6753FFAF-30EA-4760-A361-7512F859A1A7}.Release|x64.ActiveCfg = Release|x64
		{6753FFAF-30EA-4760-A361-7512F859A1A7}.Release|x64.Build.0 = Release|x64
		{2943CB48-2E5F-4BE1-B76A-8DF16645A8CB}.Debug|Any CPU.ActiveCfg = Debug|Any CPU
		{2943CB48-2E5F-4BE1-B76A-8DF16645A8CB}.Debug|Any CPU.Build.0 = Debug|Any CPU
		{2943CB48-2E5F-4BE1-B76A-8DF16645A8CB}.Debug|x64.ActiveCfg = Debug|x64
		{2943CB48-2E5F-4BE1-B76A-8DF16645A8CB}.Debug|x64.Build.0 = Debug|x64
		{2943CB48-2E5F-4BE1-B76A-8DF16645A8CB}.Release|Any CPU.ActiveCfg = Release|Any CPU
		{2943CB48-2E5F-4BE1-B76A-8DF16645A8CB}.Release|Any CPU.Build.0 = Release|Any CPU
		{2943CB48-2E5F-4BE1-B76A-8DF16645A8CB}.Release|x64.ActiveCfg = Release|x64
		{2943CB48-2E5F-4BE1-B76A-8DF16645A8CB}.Release|x64.Build.0 = Release|x64
		{E132A130-2DE3-48C0-8812-D3DC8AFF9C8B}.Debug|Any CPU.ActiveCfg = Debug|Any CPU
		{E132A130-2DE3-48C0-8812-D3DC8AFF9C8B}.Debug|Any CPU.Build.0 = Debug|Any CPU
		{E132A130-2DE3-48C0-8812-D3DC8AFF9C8B}.Debug|x64.ActiveCfg = Debug|x64
		{E132A130-2DE3-48C0-8812-D3DC8AFF9C8B}.Debug|x64.Build.0 = Debug|x64
		{E132A130-2DE3-48C0-8812-D3DC8AFF9C8B}.Release|Any CPU.ActiveCfg = Release|Any CPU
		{E132A130-2DE3-48C0-8812-D3DC8AFF9C8B}.Release|Any CPU.Build.0 = Release|Any CPU
		{E132A130-2DE3-48C0-8812-D3DC8AFF9C8B}.Release|x64.ActiveCfg = Release|x64
		{E132A130-2DE3-48C0-8812-D3DC8AFF9C8B}.Release|x64.Build.0 = Release|x64
		{37D4E28E-03E5-4882-A918-861B926656FF}.Debug|Any CPU.ActiveCfg = Debug|Any CPU
		{37D4E28E-03E5-4882-A918-861B926656FF}.Debug|Any CPU.Build.0 = Debug|Any CPU
		{37D4E28E-03E5-4882-A918-861B926656FF}.Debug|x64.ActiveCfg = Debug|Any CPU
		{37D4E28E-03E5-4882-A918-861B926656FF}.Release|Any CPU.ActiveCfg = Release|Any CPU
		{37D4E28E-03E5-4882-A918-861B926656FF}.Release|Any CPU.Build.0 = Release|Any CPU
		{37D4E28E-03E5-4882-A918-861B926656FF}.Release|x64.ActiveCfg = Release|Any CPU
		{0740CDE4-1640-4E74-9C98-6746EA5EE122}.Debug|Any CPU.ActiveCfg = Debug|Any CPU
		{0740CDE4-1640-4E74-9C98-6746EA5EE122}.Debug|Any CPU.Build.0 = Debug|Any CPU
		{0740CDE4-1640-4E74-9C98-6746EA5EE122}.Debug|x64.ActiveCfg = Debug|x64
		{0740CDE4-1640-4E74-9C98-6746EA5EE122}.Debug|x64.Build.0 = Debug|x64
		{0740CDE4-1640-4E74-9C98-6746EA5EE122}.Release|Any CPU.ActiveCfg = Release|Any CPU
		{0740CDE4-1640-4E74-9C98-6746EA5EE122}.Release|Any CPU.Build.0 = Release|Any CPU
		{0740CDE4-1640-4E74-9C98-6746EA5EE122}.Release|x64.ActiveCfg = Release|x64
		{0740CDE4-1640-4E74-9C98-6746EA5EE122}.Release|x64.Build.0 = Release|x64
		{34ED8D36-1F3E-4CFF-BA27-57B0261E0B06}.Debug|Any CPU.ActiveCfg = Debug|Any CPU
		{34ED8D36-1F3E-4CFF-BA27-57B0261E0B06}.Debug|Any CPU.Build.0 = Debug|Any CPU
		{34ED8D36-1F3E-4CFF-BA27-57B0261E0B06}.Debug|x64.ActiveCfg = Debug|x64
		{34ED8D36-1F3E-4CFF-BA27-57B0261E0B06}.Debug|x64.Build.0 = Debug|x64
		{34ED8D36-1F3E-4CFF-BA27-57B0261E0B06}.Release|Any CPU.ActiveCfg = Release|Any CPU
		{34ED8D36-1F3E-4CFF-BA27-57B0261E0B06}.Release|Any CPU.Build.0 = Release|Any CPU
		{34ED8D36-1F3E-4CFF-BA27-57B0261E0B06}.Release|x64.ActiveCfg = Release|x64
		{34ED8D36-1F3E-4CFF-BA27-57B0261E0B06}.Release|x64.Build.0 = Release|x64
		{0430D8AA-EFC7-46C1-823B-DAC77E79E165}.Debug|Any CPU.ActiveCfg = Debug|Any CPU
		{0430D8AA-EFC7-46C1-823B-DAC77E79E165}.Debug|Any CPU.Build.0 = Debug|Any CPU
		{0430D8AA-EFC7-46C1-823B-DAC77E79E165}.Debug|x64.ActiveCfg = Debug|x64
		{0430D8AA-EFC7-46C1-823B-DAC77E79E165}.Debug|x64.Build.0 = Debug|x64
		{0430D8AA-EFC7-46C1-823B-DAC77E79E165}.Release|Any CPU.ActiveCfg = Release|Any CPU
		{0430D8AA-EFC7-46C1-823B-DAC77E79E165}.Release|Any CPU.Build.0 = Release|Any CPU
		{0430D8AA-EFC7-46C1-823B-DAC77E79E165}.Release|x64.ActiveCfg = Release|x64
		{0430D8AA-EFC7-46C1-823B-DAC77E79E165}.Release|x64.Build.0 = Release|x64
		{25C17A8C-E547-43C9-8446-62C42F49AE87}.Debug|Any CPU.ActiveCfg = Debug|Any CPU
		{25C17A8C-E547-43C9-8446-62C42F49AE87}.Debug|Any CPU.Build.0 = Debug|Any CPU
		{25C17A8C-E547-43C9-8446-62C42F49AE87}.Debug|x64.ActiveCfg = Debug|x64
		{25C17A8C-E547-43C9-8446-62C42F49AE87}.Debug|x64.Build.0 = Debug|x64
		{25C17A8C-E547-43C9-8446-62C42F49AE87}.Release|Any CPU.ActiveCfg = Release|Any CPU
		{25C17A8C-E547-43C9-8446-62C42F49AE87}.Release|Any CPU.Build.0 = Release|Any CPU
		{25C17A8C-E547-43C9-8446-62C42F49AE87}.Release|x64.ActiveCfg = Release|x64
		{25C17A8C-E547-43C9-8446-62C42F49AE87}.Release|x64.Build.0 = Release|x64
		{03405203-E7A1-49E3-AA65-82B4C84EC56F}.Debug|Any CPU.ActiveCfg = Debug|Any CPU
		{03405203-E7A1-49E3-AA65-82B4C84EC56F}.Debug|Any CPU.Build.0 = Debug|Any CPU
		{03405203-E7A1-49E3-AA65-82B4C84EC56F}.Debug|x64.ActiveCfg = Debug|x64
		{03405203-E7A1-49E3-AA65-82B4C84EC56F}.Debug|x64.Build.0 = Debug|x64
		{03405203-E7A1-49E3-AA65-82B4C84EC56F}.Release|Any CPU.ActiveCfg = Release|Any CPU
		{03405203-E7A1-49E3-AA65-82B4C84EC56F}.Release|Any CPU.Build.0 = Release|Any CPU
		{03405203-E7A1-49E3-AA65-82B4C84EC56F}.Release|x64.ActiveCfg = Release|x64
		{03405203-E7A1-49E3-AA65-82B4C84EC56F}.Release|x64.Build.0 = Release|x64
		{76878DB2-C405-4FBB-9389-979F55B072AC}.Debug|Any CPU.ActiveCfg = Debug|Any CPU
		{76878DB2-C405-4FBB-9389-979F55B072AC}.Debug|Any CPU.Build.0 = Debug|Any CPU
		{76878DB2-C405-4FBB-9389-979F55B072AC}.Debug|x64.ActiveCfg = Debug|x64
		{76878DB2-C405-4FBB-9389-979F55B072AC}.Debug|x64.Build.0 = Debug|x64
		{76878DB2-C405-4FBB-9389-979F55B072AC}.Release|Any CPU.ActiveCfg = Release|Any CPU
		{76878DB2-C405-4FBB-9389-979F55B072AC}.Release|Any CPU.Build.0 = Release|Any CPU
		{76878DB2-C405-4FBB-9389-979F55B072AC}.Release|x64.ActiveCfg = Release|x64
		{76878DB2-C405-4FBB-9389-979F55B072AC}.Release|x64.Build.0 = Release|x64
		{93337407-9023-43FB-A74D-D0E2291399EE}.Debug|Any CPU.ActiveCfg = Debug|Any CPU
		{93337407-9023-43FB-A74D-D0E2291399EE}.Debug|Any CPU.Build.0 = Debug|Any CPU
		{93337407-9023-43FB-A74D-D0E2291399EE}.Debug|x64.ActiveCfg = Debug|x64
		{93337407-9023-43FB-A74D-D0E2291399EE}.Debug|x64.Build.0 = Debug|x64
		{93337407-9023-43FB-A74D-D0E2291399EE}.Release|Any CPU.ActiveCfg = Release|Any CPU
		{93337407-9023-43FB-A74D-D0E2291399EE}.Release|Any CPU.Build.0 = Release|Any CPU
		{93337407-9023-43FB-A74D-D0E2291399EE}.Release|x64.ActiveCfg = Release|x64
		{93337407-9023-43FB-A74D-D0E2291399EE}.Release|x64.Build.0 = Release|x64
		{5BE294DF-85B3-4ACA-9CA7-08E5726CB48A}.Debug|Any CPU.ActiveCfg = Debug|Any CPU
		{5BE294DF-85B3-4ACA-9CA7-08E5726CB48A}.Debug|Any CPU.Build.0 = Debug|Any CPU
		{5BE294DF-85B3-4ACA-9CA7-08E5726CB48A}.Debug|x64.ActiveCfg = Debug|Any CPU
		{5BE294DF-85B3-4ACA-9CA7-08E5726CB48A}.Debug|x64.Build.0 = Debug|Any CPU
		{5BE294DF-85B3-4ACA-9CA7-08E5726CB48A}.Release|Any CPU.ActiveCfg = Release|Any CPU
		{5BE294DF-85B3-4ACA-9CA7-08E5726CB48A}.Release|Any CPU.Build.0 = Release|Any CPU
		{5BE294DF-85B3-4ACA-9CA7-08E5726CB48A}.Release|x64.ActiveCfg = Release|Any CPU
		{5BE294DF-85B3-4ACA-9CA7-08E5726CB48A}.Release|x64.Build.0 = Release|Any CPU
		{3FA273B3-04B0-48E6-BF80-776C27EB6441}.Debug|Any CPU.ActiveCfg = Debug|Any CPU
		{3FA273B3-04B0-48E6-BF80-776C27EB6441}.Debug|Any CPU.Build.0 = Debug|Any CPU
		{3FA273B3-04B0-48E6-BF80-776C27EB6441}.Debug|x64.ActiveCfg = Debug|Any CPU
		{3FA273B3-04B0-48E6-BF80-776C27EB6441}.Debug|x64.Build.0 = Debug|Any CPU
		{3FA273B3-04B0-48E6-BF80-776C27EB6441}.Release|Any CPU.ActiveCfg = Release|Any CPU
		{3FA273B3-04B0-48E6-BF80-776C27EB6441}.Release|Any CPU.Build.0 = Release|Any CPU
		{3FA273B3-04B0-48E6-BF80-776C27EB6441}.Release|x64.ActiveCfg = Release|Any CPU
		{3FA273B3-04B0-48E6-BF80-776C27EB6441}.Release|x64.Build.0 = Release|Any CPU
		{E30196E0-7816-4567-8911-FA7C0573F89F}.Debug|Any CPU.ActiveCfg = Debug|Any CPU
		{E30196E0-7816-4567-8911-FA7C0573F89F}.Debug|Any CPU.Build.0 = Debug|Any CPU
		{E30196E0-7816-4567-8911-FA7C0573F89F}.Debug|x64.ActiveCfg = Debug|Any CPU
		{E30196E0-7816-4567-8911-FA7C0573F89F}.Debug|x64.Build.0 = Debug|Any CPU
		{E30196E0-7816-4567-8911-FA7C0573F89F}.Release|Any CPU.ActiveCfg = Release|Any CPU
		{E30196E0-7816-4567-8911-FA7C0573F89F}.Release|Any CPU.Build.0 = Release|Any CPU
		{E30196E0-7816-4567-8911-FA7C0573F89F}.Release|x64.ActiveCfg = Release|Any CPU
		{E30196E0-7816-4567-8911-FA7C0573F89F}.Release|x64.Build.0 = Release|Any CPU
		{9B14B0BA-1F3F-4709-9407-B4AC4CA2CBD9}.Debug|Any CPU.ActiveCfg = Debug|Any CPU
		{9B14B0BA-1F3F-4709-9407-B4AC4CA2CBD9}.Debug|Any CPU.Build.0 = Debug|Any CPU
		{9B14B0BA-1F3F-4709-9407-B4AC4CA2CBD9}.Debug|x64.ActiveCfg = Debug|Any CPU
		{9B14B0BA-1F3F-4709-9407-B4AC4CA2CBD9}.Debug|x64.Build.0 = Debug|Any CPU
		{9B14B0BA-1F3F-4709-9407-B4AC4CA2CBD9}.Release|Any CPU.ActiveCfg = Release|Any CPU
		{9B14B0BA-1F3F-4709-9407-B4AC4CA2CBD9}.Release|Any CPU.Build.0 = Release|Any CPU
		{9B14B0BA-1F3F-4709-9407-B4AC4CA2CBD9}.Release|x64.ActiveCfg = Release|Any CPU
		{9B14B0BA-1F3F-4709-9407-B4AC4CA2CBD9}.Release|x64.Build.0 = Release|Any CPU
	EndGlobalSection
	GlobalSection(SolutionProperties) = preSolution
		HideSolutionNode = FALSE
	EndGlobalSection
	GlobalSection(NestedProjects) = preSolution
		{D319C3DF-28B3-45C4-BAA6-B34DE213A0B5} = {7D63AFA8-6DA0-4851-ABBF-2CD4DA323A91}
		{F3FB3746-63DC-415E-AC99-CF9452A655D5} = {7D63AFA8-6DA0-4851-ABBF-2CD4DA323A91}
		{436B818B-D2CC-47C9-9899-D8E236C7673F} = {B7D7A350-0A96-471C-A4ED-6DA1C7F744E3}
		{81BB8D1E-357F-4935-BF8E-AA39FD745E71} = {B7D7A350-0A96-471C-A4ED-6DA1C7F744E3}
		{6753FFAF-30EA-4760-A361-7512F859A1A7} = {A19A7FE8-C855-4B64-B375-B05B5AEF2FD1}
		{2943CB48-2E5F-4BE1-B76A-8DF16645A8CB} = {B7D7A350-0A96-471C-A4ED-6DA1C7F744E3}
		{E132A130-2DE3-48C0-8812-D3DC8AFF9C8B} = {B7D7A350-0A96-471C-A4ED-6DA1C7F744E3}
		{744F0365-A70E-48EB-B870-1C2D337D1591} = {7D63AFA8-6DA0-4851-ABBF-2CD4DA323A91}
		{37D4E28E-03E5-4882-A918-861B926656FF} = {744F0365-A70E-48EB-B870-1C2D337D1591}
		{0740CDE4-1640-4E74-9C98-6746EA5EE122} = {7D63AFA8-6DA0-4851-ABBF-2CD4DA323A91}
		{34ED8D36-1F3E-4CFF-BA27-57B0261E0B06} = {A19A7FE8-C855-4B64-B375-B05B5AEF2FD1}
		{0430D8AA-EFC7-46C1-823B-DAC77E79E165} = {2031AB30-E696-4CFD-9321-F89F0CBFEFE8}
		{25C17A8C-E547-43C9-8446-62C42F49AE87} = {2031AB30-E696-4CFD-9321-F89F0CBFEFE8}
		{A7A58126-9BB8-4878-A4FD-B1E17D8800B1} = {2031AB30-E696-4CFD-9321-F89F0CBFEFE8}
		{03405203-E7A1-49E3-AA65-82B4C84EC56F} = {A7A58126-9BB8-4878-A4FD-B1E17D8800B1}
		{76878DB2-C405-4FBB-9389-979F55B072AC} = {2031AB30-E696-4CFD-9321-F89F0CBFEFE8}
		{93337407-9023-43FB-A74D-D0E2291399EE} = {A7A58126-9BB8-4878-A4FD-B1E17D8800B1}
		{5BE294DF-85B3-4ACA-9CA7-08E5726CB48A} = {2031AB30-E696-4CFD-9321-F89F0CBFEFE8}
		{3FA273B3-04B0-48E6-BF80-776C27EB6441} = {B7D7A350-0A96-471C-A4ED-6DA1C7F744E3}
		{E30196E0-7816-4567-8911-FA7C0573F89F} = {7D63AFA8-6DA0-4851-ABBF-2CD4DA323A91}
		{9B14B0BA-1F3F-4709-9407-B4AC4CA2CBD9} = {7D63AFA8-6DA0-4851-ABBF-2CD4DA323A91}
	EndGlobalSection
	GlobalSection(ExtensibilityGlobals) = postSolution
		SolutionGuid = {CE53D989-E3EE-4DD3-A3BA-A43C3A3A9C8F}
	EndGlobalSection
EndGlobal
